
Microsoft Visual Studio Solution File, Format Version 12.00
# Visual Studio Version 16
VisualStudioVersion = 16.0.31112.23
MinimumVisualStudioVersion = 10.0.40219.1
Project("{9A19103F-16F7-4668-BE54-9A1E7A4F7556}") = "ClientApp", "ClientApp\ClientApp.csproj", "{85C4B967-3B16-4142-BDF6-261BA87C0A4E}"
EndProject
Project("{9A19103F-16F7-4668-BE54-9A1E7A4F7556}") = "ServerDataAPI", "ServerDataAPI\ServerDataAPI.csproj", "{4DDED583-9BA5-4FB5-8DF8-93C46491E746}"
EndProject
Project("{9A19103F-16F7-4668-BE54-9A1E7A4F7556}") = "ServerLogicAPI", "ServerLogicAPI\ServerLogicAPI.csproj", "{F913E54F-C092-4E9E-B3BD-99AF8013D9EA}"
EndProject
Project("{2150E333-8FDC-42A3-9474-1A3956D46DE8}") = "Solution Items", "Solution Items", "{250EAB83-18A5-4F68-8BEC-106EDFAC9BB6}"
	ProjectSection(SolutionItems) = preProject
		.gitignore = .gitignore
		LICENSE = LICENSE
		README.md = README.md
	EndProjectSection
EndProject
Project("{9A19103F-16F7-4668-BE54-9A1E7A4F7556}") = "ServerApp", "ServerApp\ServerApp.csproj", "{25BBD3E2-141F-4D85-8EB1-02E4F90ACFFB}"
EndProject
Project("{9A19103F-16F7-4668-BE54-9A1E7A4F7556}") = "ClientDataAPI", "ClientDataAPI\ClientDataAPI.csproj", "{212FD045-6CF4-4F43-A1A1-40FDEE8A2431}"
EndProject
Project("{9A19103F-16F7-4668-BE54-9A1E7A4F7556}") = "ClientLogicAPI", "ClientLogicAPI\ClientLogicAPI.csproj", "{98D48E2B-EDB3-4227-86C4-3B5900989109}"
EndProject
Project("{9A19103F-16F7-4668-BE54-9A1E7A4F7556}") = "SharedData", "SharedData\SharedData.csproj", "{E6069ACB-C251-45DC-9672-CE6A005DFD9B}"
EndProject
Project("{9A19103F-16F7-4668-BE54-9A1E7A4F7556}") = "ServerLogicTests", "ServerLogicTests\ServerLogicTests.csproj", "{EE762009-FA3E-470A-B644-BC2BD382A5AB}"
EndProject
Project("{9A19103F-16F7-4668-BE54-9A1E7A4F7556}") = "ServerDataTests", "ServerDataTests\ServerDataTests.csproj", "{D4B12214-4FBE-42CC-AA1C-C4F42F967A22}"
EndProject
Project("{FAE04EC0-301F-11D3-BF4B-00C04F79EFBC}") = "ClientDataTests", "ClientDataTests\ClientDataTests.csproj", "{83C31AC8-E72F-4915-9B0F-9B390EADCD8A}"
EndProject
Project("{FAE04EC0-301F-11D3-BF4B-00C04F79EFBC}") = "ClientLogicTests", "ClientLogicTests\ClientLogicTests.csproj", "{C72A7A6B-3FA5-4A93-8690-1C98C4528B05}"
EndProject
Global
	GlobalSection(SolutionConfigurationPlatforms) = preSolution
		Debug|Any CPU = Debug|Any CPU
		Release|Any CPU = Release|Any CPU
	EndGlobalSection
	GlobalSection(ProjectConfigurationPlatforms) = postSolution
		{85C4B967-3B16-4142-BDF6-261BA87C0A4E}.Debug|Any CPU.ActiveCfg = Debug|Any CPU
		{85C4B967-3B16-4142-BDF6-261BA87C0A4E}.Debug|Any CPU.Build.0 = Debug|Any CPU
		{85C4B967-3B16-4142-BDF6-261BA87C0A4E}.Release|Any CPU.ActiveCfg = Release|Any CPU
		{85C4B967-3B16-4142-BDF6-261BA87C0A4E}.Release|Any CPU.Build.0 = Release|Any CPU
		{4DDED583-9BA5-4FB5-8DF8-93C46491E746}.Debug|Any CPU.ActiveCfg = Debug|Any CPU
		{4DDED583-9BA5-4FB5-8DF8-93C46491E746}.Debug|Any CPU.Build.0 = Debug|Any CPU
		{4DDED583-9BA5-4FB5-8DF8-93C46491E746}.Release|Any CPU.ActiveCfg = Release|Any CPU
		{4DDED583-9BA5-4FB5-8DF8-93C46491E746}.Release|Any CPU.Build.0 = Release|Any CPU
		{F913E54F-C092-4E9E-B3BD-99AF8013D9EA}.Debug|Any CPU.ActiveCfg = Debug|Any CPU
		{F913E54F-C092-4E9E-B3BD-99AF8013D9EA}.Debug|Any CPU.Build.0 = Debug|Any CPU
		{F913E54F-C092-4E9E-B3BD-99AF8013D9EA}.Release|Any CPU.ActiveCfg = Release|Any CPU
		{F913E54F-C092-4E9E-B3BD-99AF8013D9EA}.Release|Any CPU.Build.0 = Release|Any CPU
		{25BBD3E2-141F-4D85-8EB1-02E4F90ACFFB}.Debug|Any CPU.ActiveCfg = Debug|Any CPU
		{25BBD3E2-141F-4D85-8EB1-02E4F90ACFFB}.Debug|Any CPU.Build.0 = Debug|Any CPU
		{25BBD3E2-141F-4D85-8EB1-02E4F90ACFFB}.Release|Any CPU.ActiveCfg = Release|Any CPU
		{25BBD3E2-141F-4D85-8EB1-02E4F90ACFFB}.Release|Any CPU.Build.0 = Release|Any CPU
		{212FD045-6CF4-4F43-A1A1-40FDEE8A2431}.Debug|Any CPU.ActiveCfg = Debug|Any CPU
		{212FD045-6CF4-4F43-A1A1-40FDEE8A2431}.Debug|Any CPU.Build.0 = Debug|Any CPU
		{212FD045-6CF4-4F43-A1A1-40FDEE8A2431}.Release|Any CPU.ActiveCfg = Release|Any CPU
		{212FD045-6CF4-4F43-A1A1-40FDEE8A2431}.Release|Any CPU.Build.0 = Release|Any CPU
		{98D48E2B-EDB3-4227-86C4-3B5900989109}.Debug|Any CPU.ActiveCfg = Debug|Any CPU
		{98D48E2B-EDB3-4227-86C4-3B5900989109}.Debug|Any CPU.Build.0 = Debug|Any CPU
		{98D48E2B-EDB3-4227-86C4-3B5900989109}.Release|Any CPU.ActiveCfg = Release|Any CPU
		{98D48E2B-EDB3-4227-86C4-3B5900989109}.Release|Any CPU.Build.0 = Release|Any CPU
		{E6069ACB-C251-45DC-9672-CE6A005DFD9B}.Debug|Any CPU.ActiveCfg = Debug|Any CPU
		{E6069ACB-C251-45DC-9672-CE6A005DFD9B}.Debug|Any CPU.Build.0 = Debug|Any CPU
		{E6069ACB-C251-45DC-9672-CE6A005DFD9B}.Release|Any CPU.ActiveCfg = Release|Any CPU
		{E6069ACB-C251-45DC-9672-CE6A005DFD9B}.Release|Any CPU.Build.0 = Release|Any CPU
		{EE762009-FA3E-470A-B644-BC2BD382A5AB}.Debug|Any CPU.ActiveCfg = Debug|Any CPU
		{EE762009-FA3E-470A-B644-BC2BD382A5AB}.Debug|Any CPU.Build.0 = Debug|Any CPU
		{EE762009-FA3E-470A-B644-BC2BD382A5AB}.Release|Any CPU.ActiveCfg = Release|Any CPU
		{EE762009-FA3E-470A-B644-BC2BD382A5AB}.Release|Any CPU.Build.0 = Release|Any CPU
		{D4B12214-4FBE-42CC-AA1C-C4F42F967A22}.Debug|Any CPU.ActiveCfg = Debug|Any CPU
		{D4B12214-4FBE-42CC-AA1C-C4F42F967A22}.Debug|Any CPU.Build.0 = Debug|Any CPU
		{D4B12214-4FBE-42CC-AA1C-C4F42F967A22}.Release|Any CPU.ActiveCfg = Release|Any CPU
		{D4B12214-4FBE-42CC-AA1C-C4F42F967A22}.Release|Any CPU.Build.0 = Release|Any CPU
		{83C31AC8-E72F-4915-9B0F-9B390EADCD8A}.Debug|Any CPU.ActiveCfg = Debug|Any CPU
		{83C31AC8-E72F-4915-9B0F-9B390EADCD8A}.Debug|Any CPU.Build.0 = Debug|Any CPU
		{83C31AC8-E72F-4915-9B0F-9B390EADCD8A}.Release|Any CPU.ActiveCfg = Release|Any CPU
		{83C31AC8-E72F-4915-9B0F-9B390EADCD8A}.Release|Any CPU.Build.0 = Release|Any CPU
		{C72A7A6B-3FA5-4A93-8690-1C98C4528B05}.Debug|Any CPU.ActiveCfg = Debug|Any CPU
		{C72A7A6B-3FA5-4A93-8690-1C98C4528B05}.Debug|Any CPU.Build.0 = Debug|Any CPU
		{C72A7A6B-3FA5-4A93-8690-1C98C4528B05}.Release|Any CPU.ActiveCfg = Release|Any CPU
		{C72A7A6B-3FA5-4A93-8690-1C98C4528B05}.Release|Any CPU.Build.0 = Release|Any CPU
	EndGlobalSection
	GlobalSection(SolutionProperties) = preSolution
		HideSolutionNode = FALSE
	EndGlobalSection
	GlobalSection(ExtensibilityGlobals) = postSolution
		SolutionGuid = {5F6BF3E4-A694-4376-A92C-912DC87C2F5A}
	EndGlobalSection
EndGlobal
